
Microsoft Visual Studio Solution File, Format Version 12.00
# Visual Studio 15
VisualStudioVersion = 15.0.26730.0
MinimumVisualStudioVersion = 10.0.40219.1
Project("{FAE04EC0-301F-11D3-BF4B-00C04F79EFBC}") = "Myst", "Myst.Collections\Myst.csproj", "{DC93C768-1599-46EB-AC4D-B4907F0B28B4}"
EndProject
Global
	GlobalSection(SolutionConfigurationPlatforms) = preSolution
		Debug|Any CPU = Debug|Any CPU
		Release|Any CPU = Release|Any CPU
	EndGlobalSection
	GlobalSection(ProjectConfigurationPlatforms) = postSolution
		{DC93C768-1599-46EB-AC4D-B4907F0B28B4}.Debug|Any CPU.ActiveCfg = Debug|Any CPU
		{DC93C768-1599-46EB-AC4D-B4907F0B28B4}.Debug|Any CPU.Build.0 = Debug|Any CPU
		{DC93C768-1599-46EB-AC4D-B4907F0B28B4}.Release|Any CPU.ActiveCfg = Release|Any CPU
		{DC93C768-1599-46EB-AC4D-B4907F0B28B4}.Release|Any CPU.Build.0 = Release|Any CPU
	EndGlobalSection
	GlobalSection(SolutionProperties) = preSolution
		HideSolutionNode = FALSE
	EndGlobalSection
	GlobalSection(ExtensibilityGlobals) = postSolution
		SolutionGuid = {4B302631-A33B-414F-93D4-558E8B02C2AD}
	EndGlobalSection
EndGlobal
